
Microsoft Visual Studio Solution File, Format Version 12.00
# Visual Studio 2013
VisualStudioVersion = 12.0.21005.1
MinimumVisualStudioVersion = 10.0.40219.1
Project("{FAE04EC0-301F-11D3-BF4B-00C04F79EFBC}") = "Blog", "Blog\Blog.csproj", "{D5483AB4-45F0-4C7D-9818-EC1D31E4940C}"
EndProject
Project("{FAE04EC0-301F-11D3-BF4B-00C04F79EFBC}") = "Blog.Tests", "Blog.Tests\Blog.Tests.csproj", "{D0DB586B-3A10-4647-8482-106537F938C9}"
EndProject
Global
	GlobalSection(SolutionConfigurationPlatforms) = preSolution
		Debug|Any CPU = Debug|Any CPU
		Release|Any CPU = Release|Any CPU
	EndGlobalSection
	GlobalSection(ProjectConfigurationPlatforms) = postSolution
		{D5483AB4-45F0-4C7D-9818-EC1D31E4940C}.Debug|Any CPU.ActiveCfg = Debug|Any CPU
		{D5483AB4-45F0-4C7D-9818-EC1D31E4940C}.Debug|Any CPU.Build.0 = Debug|Any CPU
		{D5483AB4-45F0-4C7D-9818-EC1D31E4940C}.Release|Any CPU.ActiveCfg = Release|Any CPU
		{D5483AB4-45F0-4C7D-9818-EC1D31E4940C}.Release|Any CPU.Build.0 = Release|Any CPU
		{D0DB586B-3A10-4647-8482-106537F938C9}.Debug|Any CPU.ActiveCfg = Debug|Any CPU
		{D0DB586B-3A10-4647-8482-106537F938C9}.Debug|Any CPU.Build.0 = Debug|Any CPU
		{D0DB586B-3A10-4647-8482-106537F938C9}.Release|Any CPU.ActiveCfg = Release|Any CPU
		{D0DB586B-3A10-4647-8482-106537F938C9}.Release|Any CPU.Build.0 = Release|Any CPU
	EndGlobalSection
	GlobalSection(SolutionProperties) = preSolution
		HideSolutionNode = FALSE
	EndGlobalSection
EndGlobal
